
Microsoft Visual Studio Solution File, Format Version 12.00
# Visual Studio Version 16
VisualStudioVersion = 16.0.31624.102
MinimumVisualStudioVersion = 10.0.40219.1
Project("{9A19103F-16F7-4668-BE54-9A1E7A4F7556}") = "Backend Q2", "Backend Q2.csproj", "{58F5FA68-E843-4DCB-B1FE-71C3664E1F56}"
EndProject
Global
	GlobalSection(SolutionConfigurationPlatforms) = preSolution
		Debug|Any CPU = Debug|Any CPU
		Release|Any CPU = Release|Any CPU
	EndGlobalSection
	GlobalSection(ProjectConfigurationPlatforms) = postSolution
		{58F5FA68-E843-4DCB-B1FE-71C3664E1F56}.Debug|Any CPU.ActiveCfg = Debug|Any CPU
		{58F5FA68-E843-4DCB-B1FE-71C3664E1F56}.Debug|Any CPU.Build.0 = Debug|Any CPU
		{58F5FA68-E843-4DCB-B1FE-71C3664E1F56}.Release|Any CPU.ActiveCfg = Release|Any CPU
		{58F5FA68-E843-4DCB-B1FE-71C3664E1F56}.Release|Any CPU.Build.0 = Release|Any CPU
	EndGlobalSection
	GlobalSection(SolutionProperties) = preSolution
		HideSolutionNode = FALSE
	EndGlobalSection
	GlobalSection(ExtensibilityGlobals) = postSolution
		SolutionGuid = {B82095CB-A187-499D-8B70-EDFA33FA401B}
	EndGlobalSection
EndGlobal
